
Microsoft Visual Studio Solution File, Format Version 12.00
# Visual Studio Version 17
VisualStudioVersion = 17.8.34330.188
MinimumVisualStudioVersion = 10.0.40219.1
Project("{FAE04EC0-301F-11D3-BF4B-00C04F79EFBC}") = "QualExam_Bingo_Bongo", "QualExam_Bingo_Bongo.csproj", "{B810885F-8875-474B-8895-900400A56B1D}"
EndProject
Project("{2150E333-8FDC-42A3-9474-1A3956D46DE8}") = "Элементы решения", "Элементы решения", "{3C89FC29-B6D2-483A-9B7E-50E1BA1B3540}"
	ProjectSection(SolutionItems) = preProject
		..\..\..\..\Downloads\logo.ico = ..\..\..\..\Downloads\logo.ico
		..\..\..\..\Downloads\logo.png = ..\..\..\..\Downloads\logo.png
	EndProjectSection
EndProject
Global
	GlobalSection(SolutionConfigurationPlatforms) = preSolution
		Debug|Any CPU = Debug|Any CPU
		Release|Any CPU = Release|Any CPU
	EndGlobalSection
	GlobalSection(ProjectConfigurationPlatforms) = postSolution
		{B810885F-8875-474B-8895-900400A56B1D}.Debug|Any CPU.ActiveCfg = Debug|Any CPU
		{B810885F-8875-474B-8895-900400A56B1D}.Debug|Any CPU.Build.0 = Debug|Any CPU
		{B810885F-8875-474B-8895-900400A56B1D}.Release|Any CPU.ActiveCfg = Release|Any CPU
		{B810885F-8875-474B-8895-900400A56B1D}.Release|Any CPU.Build.0 = Release|Any CPU
	EndGlobalSection
	GlobalSection(SolutionProperties) = preSolution
		HideSolutionNode = FALSE
	EndGlobalSection
	GlobalSection(ExtensibilityGlobals) = postSolution
		SolutionGuid = {0B7891BF-5888-416D-AD72-8EAC1CA655F4}
	EndGlobalSection
EndGlobal
